github.com/Masterminds/semver v1.5.0 h1:H65muMkzWKEuNDnfl9d70GUjFniHKHRbFPGBuZ3QEww=
github.com/Masterminds/semver v1.5.0/go.mod h1:MB6lktGJrhw8PrUyiEoblNEGEQ+RzHPF078ddwwvV3Y=
github.com/atolab/yaks-go v0.3.0 h1:UWC6C5W5cNf81wHwf0hyX4mW5kVnx4dvg/r8oYOSUMc=
github.com/atolab/yaks-go v0.3.0/go.mod h1:lW0xMn0OMeVoMFp/SwsuIgZjhQO/YY8UFcJMGic3dvs=
github.com/atolab/zenoh-go v0.3.0 h1:ZaMfrLAJeFSMvkZuWNaxgC3nhzzO8gUeiUEJC+Zq9io=
github.com/atolab/zenoh-go v0.3.0/go.mod h1:3Ek15mksXcvo9kZiuRnJT1T5v9eXUvLYB8RLa4nctKM=
github.com/atolab/zenoh-go v0.3.1 h1:Ab/2i+j05cGskkM6oswFLy6I5dhSDg+xxyZMLFN8jSw=
github.com/atolab/zenoh-go v0.3.1/go.mod h1:3Ek15mksXcvo9kZiuRnJT1T5v9eXUvLYB8RLa4nctKM=
github.com/creack/pty v1.1.7/go.mod h1:lj5s0c3V2DBrqTV7llrYr5NG6My20zk30Fl46Y7DoTY=
github.com/creack/pty v1.1.9/go.mod h1:oKZEueFk5CKHvIhNR5MUki03XCEU+Q6VDXinZuGJ33E=
github.com/creack/pty v1.1.11/go.mod h1:oKZEueFk5CKHvIhNR5MUki03XCEU+Q6VDXinZuGJ33E=
github.com/davecgh/go-spew v1.1.0/go.mod h1:J7Y8YcW2NihsgmVo/mv3lAwl/skON4iLHjSsI+c5H38=
github.com/davecgh/go-spew v1.1.1 h1:vj9j/u1bqnvCEfJOwUhtlOARqs3+rkHYY13jYWTU97c=
github.com/davecgh/go-spew v1.1.1/go.mod h1:J7Y8YcW2NihsgmVo/mv3lAwl/skON4iLHjSsI+c5H38=
github.com/eclipse-fog05/sdk-go v0.0.0-20191216091715-c63fb15237cb h1:XFRnAalRyVRqJzIn3vEMi1wLZzGTwGUcYow5VhftR5I=
github.com/eclipse-fog05/sdk-go v0.0.0-20191216091715-c63fb15237cb/go.mod h1:UPQANX/4L5xMOeniR2rkKZ5ARMRrN8P/F+ixl7xFrHQ=
github.com/eclipse-fog05/sdk-go v0.1.0 h1:RjzXR4rmdZzSWaU3WtlzTZkylmkjWGOuw1pVTARIVUs=
github.com/eclipse-fog05/sdk-go v0.1.0/go.mod h1:UPQANX/4L5xMOeniR2rkKZ5ARMRrN8P/F+ixl7xFrHQ=
github.com/eclipse-fog05/sdk-go v0.1.1-0.20200506091819-bd74ddb7a662 h1:5lc5YRUc0X9iZTqjvidLeOz7DTDTT3altFENPYjH4Bg=
github.com/eclipse-fog05/sdk-go v0.1.1-0.20200506091819-bd74ddb7a662/go.mod h1:UPQANX/4L5xMOeniR2rkKZ5ARMRrN8P/F+ixl7xFrHQ=
github.com/eclipse-fog05/sdk-go v0.2.2 h1:euapEcAO2c/jd62zSxOailUzbu5Ilbk5ZBpWpBLtNjI=
github.com/eclipse-fog05/sdk-go v0.2.2/go.mod h1:ZKGOJ5VzMjQRL3NexJG6x/vz8i0YxyM07LB+jKHoLUI=
github.com/gabrik/sdk-go v0.0.0-20200428160909-34148dcdd771 h1:rBZx6b+jUjDxLkObAwwdB3wa2gpl0PdflSFPGl74xpU=
github.com/gabrik/sdk-go v0.0.0-20200428160909-34148dcdd771/go.mod h1:UPQANX/4L5xMOeniR2rkKZ5ARMRrN8P/F+ixl7xFrHQ=
github.com/gabrik/sdk-go v0.0.0-20200429142714-30fc4cbf8d70 h1:DNw+bTn1uFi7Ho4u+1t9efYJVQ7bnfMrZa2X/bBpEvo=
github.com/gabrik/sdk-go v0.0.0-20200429142714-30fc4cbf8d70/go.mod h1:UPQANX/4L5xMOeniR2rkKZ5ARMRrN8P/F+ixl7xFrHQ=
github.com/gabrik/sdk-go v0.0.0-20200429160826-8967d42465f8 h1:qkoUW2DE5HQekp8c9UyLm0U4BkjTaXsX4KW9OLJiBlQ=
github.com/gabrik/sdk-go v0.0.0-20200429160826-8967d42465f8/go.mod h1:UPQANX/4L5xMOeniR2rkKZ5ARMRrN8P/F+ixl7xFrHQ=
github.com/google/uuid v1.1.1 h1:Gkbcsh/GbpXz7lPftLA3P6TYMwjCLYm83jiFQZF/3gY=
github.com/google/uuid v1.1.1/go.mod h1:TIyPZe4MgqvfeYDBFedMoGGpEw/LqOeaOT+nhxU+yHo=
github.com/google/uuid v1.1.2 h1:EVhdT+1Kseyi1/pUmXKaFxYsDNy9RQYkMWRH68J/W7Y=
github.com/google/uuid v1.1.2/go.mod h1:TIyPZe4MgqvfeYDBFedMoGGpEw/LqOeaOT+nhxU+yHo=
github.com/konsorten/go-windows-terminal-sequences v1.0.1/go.mod h1:T0+1ngSBFLxvqU3pZ+m/2kptfBszLMUkC4ZK/EgS/cQ=
github.com/konsorten/go-windows-terminal-sequences v1.0.2 h1:DB17ag19krx9CFsz4o3enTrPXyIXCl+2iCXH/aMAp9s=
github.com/konsorten/go-windows-terminal-sequences v1.0.2/go.mod h1:T0+1ngSBFLxvqU3pZ+m/2kptfBszLMUkC4ZK/EgS/cQ=
github.com/konsorten/go-windows-terminal-sequences v1.0.3/go.mod h1:T0+1ngSBFLxvqU3pZ+m/2kptfBszLMUkC4ZK/EgS/cQ=
github.com/kr/pretty v0.1.0 h1:L/CwN0zerZDmRFUapSPitk6f+Q3+0za1rQkzVuMiMFI=
github.com/kr/pretty v0.1.0/go.mod h1:dAy3ld7l9f0ibDNOQOHHMYYIIbhfbHSm3C4ZsoJORNo=
github.com/kr/pty v1.1.1/go.mod h1:pFQYn66WHrOpPYNljwOMqo10TkYh1fy3cYio2l3bCsQ=
github.com/kr/pty v1.1.8/go.mod h1:O1sed60cT9XZ5uDucP5qwvh+TE3NnUj51EiZO/lmSfw=
github.com/kr/text v0.1.0 h1:45sCR5RtlFHMR4UwH9sdQ5TC8v0qDQCHnXt+kaKSTVE=
github.com/kr/text v0.1.0/go.mod h1:4Jbv+DJW3UT/LiOwJeYQe1efqtUx/iVham/4vfdArNI=
github.com/pmezard/go-difflib v1.0.0 h1:4DBwDE0NGyQoBHbLQYPwSUPoCMWR5BEzIk/f1lZbAQM=
github.com/pmezard/go-difflib v1.0.0/go.mod h1:iKH77koFhYxTK1pcRnkKkqfTogsbg7gZNVY4sRDYZ/4=
github.com/sirupsen/logrus v1.4.2 h1:SPIRibHv4MatM3XXNO2BJeFLZwZ2LvZgfQ5+UNI2im4=
github.com/sirupsen/logrus v1.4.2/go.mod h1:tLMulIdttU9McNUspp0xgXVQah82FyeX6MwdIuYE2rE=
github.com/sirupsen/logrus v1.6.0 h1:UBcNElsrwanuuMsnGSlYmtmgbb23qDR5dG+6X6Oo89I=
github.com/sirupsen/logrus v1.6.0/go.mod h1:7uNnSEd1DgxDLC74fIahvMZmmYsHGZGEOFrfsX/uA88=
github.com/stretchr/objx v0.1.0/go.mod h1:HFkY916IF+rwdDfMAkV7OtwuqBVzrE8GR6GFx+wExME=
github.com/stretchr/objx v0.1.1/go.mod h1:HFkY916IF+rwdDfMAkV7OtwuqBVzrE8GR6GFx+wExME=
github.com/stretchr/objx v0.2.0/go.mod h1:qt09Ya8vawLte6SNmTgCsAVtYtaKzEcn8ATUoHMkEqE=
github.com/stretchr/objx v0.3.0/go.mod h1:qt09Ya8vawLte6SNmTgCsAVtYtaKzEcn8ATUoHMkEqE=
github.com/stretchr/testify v1.2.2/go.mod h1:a8OnRcib4nhh0OaRAV+Yts87kKdq0PP7pXfy6kDkUVs=
github.com/stretchr/testify v1.3.0/go.mod h1:M5WIy9Dh21IEIfnGCwXGc5bZfKNJtfHm1UVUgZn+9EI=
github.com/stretchr/testify v1.4.0 h1:2E4SXV/wtOkTonXsotYi4li6zVWxYlZuYNCXe9XRJyk=
github.com/stretchr/testify v1.4.0/go.mod h1:j7eGeouHqKxXV5pUuKE4zz7dFj8WfuZ+81PSLYec5m4=
golang.org/x/sys v0.0.0-20190422165155-953cdadca894/go.mod h1:h1NjWce9XRLGQEsW7wpKNCjG9DtNlClVuFLEZdDNbEs=
golang.org/x/sys v0.0.0-20191029155521-f43be2a4598c/go.mod h1:h1NjWce9XRLGQEsW7wpKNCjG9DtNlClVuFLEZdDNbEs=
golang.org/x/sys v0.0.0-20191128015809-6d18c012aee9 h1:ZBzSG/7F4eNKz2L3GE9o300RX0Az1Bw5HF7PDraD+qU=
golang.org/x/sys v0.0.0-20191128015809-6d18c012aee9/go.mod h1:h1NjWce9XRLGQEsW7wpKNCjG9DtNlClVuFLEZdDNbEs=
gopkg.in/check.v1 v0.0.0-20161208181325-20d25e280405/go.mod h1:Co6ibVJAznAaIkqp8huTwlJQCZ016jof/cbN4VW5Yz0=
gopkg.in/check.v1 v1.0.0-20190902080502-41f04d3bba15 h1:YR8cESwS4TdDjEe65xsg0ogRM/Nc3DYOhEAlW+xobZo=
gopkg.in/check.v1 v1.0.0-20190902080502-41f04d3bba15/go.mod h1:Co6ibVJAznAaIkqp8huTwlJQCZ016jof/cbN4VW5Yz0=
gopkg.in/yaml.v2 v2.2.2/go.mod h1:hI93XBmqTisBFMUTm0b8Fm+jr3Dg1NNxqwp+5A1VGuI=
gopkg.in/yaml.v2 v2.2.4/go.mod h1:hI93XBmqTisBFMUTm0b8Fm+jr3Dg1NNxqwp+5A1VGuI=
gopkg.in/yaml.v2 v2.2.7 h1:VUgggvou5XRW9mHwD/yXxIYSMtY0zoKQf/v226p2nyo=
gopkg.in/yaml.v2 v2.2.7/go.mod h1:hI93XBmqTisBFMUTm0b8Fm+jr3Dg1NNxqwp+5A1VGuI=
